
Microsoft Visual Studio Solution File, Format Version 12.00
# Visual Studio Version 17
VisualStudioVersion = 17.6.33723.286
MinimumVisualStudioVersion = 10.0.40219.1
Project("{FAE04EC0-301F-11D3-BF4B-00C04F79EFBC}") = "Zadanie 5", "Zadanie 5.csproj", "{0861F190-CAA0-425C-B265-3860974F99AA}"
EndProject
Global
	GlobalSection(SolutionConfigurationPlatforms) = preSolution
		Debug|Any CPU = Debug|Any CPU
		Release|Any CPU = Release|Any CPU
	EndGlobalSection
	GlobalSection(ProjectConfigurationPlatforms) = postSolution
		{0861F190-CAA0-425C-B265-3860974F99AA}.Debug|Any CPU.ActiveCfg = Debug|Any CPU
		{0861F190-CAA0-425C-B265-3860974F99AA}.Debug|Any CPU.Build.0 = Debug|Any CPU
		{0861F190-CAA0-425C-B265-3860974F99AA}.Release|Any CPU.ActiveCfg = Release|Any CPU
		{0861F190-CAA0-425C-B265-3860974F99AA}.Release|Any CPU.Build.0 = Release|Any CPU
	EndGlobalSection
	GlobalSection(SolutionProperties) = preSolution
		HideSolutionNode = FALSE
	EndGlobalSection
	GlobalSection(ExtensibilityGlobals) = postSolution
		SolutionGuid = {6E960727-3213-4456-B2DC-800EC9A181AF}
	EndGlobalSection
EndGlobal
