
Microsoft Visual Studio Solution File, Format Version 12.00
# Visual Studio Version 17
VisualStudioVersion = 17.6.33723.286
MinimumVisualStudioVersion = 10.0.40219.1
Project("{FAE04EC0-301F-11D3-BF4B-00C04F79EFBC}") = "Zadanie 1", "Zadanie 1.csproj", "{450C4822-5B6B-4F2B-9352-FE9EBE0FC9CB}"
EndProject
Global
	GlobalSection(SolutionConfigurationPlatforms) = preSolution
		Debug|Any CPU = Debug|Any CPU
		Release|Any CPU = Release|Any CPU
	EndGlobalSection
	GlobalSection(ProjectConfigurationPlatforms) = postSolution
		{450C4822-5B6B-4F2B-9352-FE9EBE0FC9CB}.Debug|Any CPU.ActiveCfg = Debug|Any CPU
		{450C4822-5B6B-4F2B-9352-FE9EBE0FC9CB}.Debug|Any CPU.Build.0 = Debug|Any CPU
		{450C4822-5B6B-4F2B-9352-FE9EBE0FC9CB}.Release|Any CPU.ActiveCfg = Release|Any CPU
		{450C4822-5B6B-4F2B-9352-FE9EBE0FC9CB}.Release|Any CPU.Build.0 = Release|Any CPU
	EndGlobalSection
	GlobalSection(SolutionProperties) = preSolution
		HideSolutionNode = FALSE
	EndGlobalSection
	GlobalSection(ExtensibilityGlobals) = postSolution
		SolutionGuid = {0F1205ED-3FE8-41E5-8C4F-5AEDEDA74289}
	EndGlobalSection
EndGlobal
